
Microsoft Visual Studio Solution File, Format Version 12.00
# Visual Studio Version 17
VisualStudioVersion = 17.8.34322.80
MinimumVisualStudioVersion = 10.0.40219.1
Project("{FAE04EC0-301F-11D3-BF4B-00C04F79EFBC}") = "Homework  1", "Homework  1\Homework  1.csproj", "{7B9284BB-0BFA-4A38-9479-5EB94E08B93A}"
EndProject
Global
	GlobalSection(SolutionConfigurationPlatforms) = preSolution
		Debug|Any CPU = Debug|Any CPU
		Release|Any CPU = Release|Any CPU
	EndGlobalSection
	GlobalSection(ProjectConfigurationPlatforms) = postSolution
		{7B9284BB-0BFA-4A38-9479-5EB94E08B93A}.Debug|Any CPU.ActiveCfg = Debug|Any CPU
		{7B9284BB-0BFA-4A38-9479-5EB94E08B93A}.Debug|Any CPU.Build.0 = Debug|Any CPU
		{7B9284BB-0BFA-4A38-9479-5EB94E08B93A}.Release|Any CPU.ActiveCfg = Release|Any CPU
		{7B9284BB-0BFA-4A38-9479-5EB94E08B93A}.Release|Any CPU.Build.0 = Release|Any CPU
	EndGlobalSection
	GlobalSection(SolutionProperties) = preSolution
		HideSolutionNode = FALSE
	EndGlobalSection
	GlobalSection(ExtensibilityGlobals) = postSolution
		SolutionGuid = {89FC6AD0-5B60-4E02-A869-0B35563D1A24}
	EndGlobalSection
EndGlobal
